{
  "name": "MasterZulu",
  "lockfileVersion": 2,
  "requires": true,
  "packages": {
    "": {
      "dependencies": {
        "short-id": "^0.1.0-1"
      }
    },
    "node_modules/assertion-error": {
      "version": "1.0.0",
      "resolved": "https://registry.npmjs.org/assertion-error/-/assertion-error-1.0.0.tgz",
      "integrity": "sha1-x/hUOP3UZrx8oWq5DIFRN5el0js=",
      "license": "MIT",
      "engines": {
        "node": "*"
      }
    },
    "node_modules/merge-recursive": {
      "version": "0.0.3",
      "resolved": "https://registry.npmjs.org/merge-recursive/-/merge-recursive-0.0.3.tgz",
      "integrity": "sha1-3nkB78rsyQbYyrKtHpxHD1o9roQ=",
      "license": "MIT"
    },
    "node_modules/oath": {
      "version": "1.0.0",
      "dependencies": {
        "simple-assert": "~1.0.0"
      },
      "engines": {
        "node": ">= 0.8.0"
      }
    },
    "node_modules/sechash": {
      "version": "0.2.1",
      "resolved": "https://registry.npmjs.org/sechash/-/sechash-0.2.1.tgz",
      "integrity": "sha1-i3H+R9aCcvR6NfFkDkzJITJbEzs=",
      "dependencies": {
        "oath": "latest"
      },
      "engines": {
        "node": "*"
      }
    },
    "node_modules/short-id": {
      "version": "0.1.0-1",
      "resolved": "https://registry.npmjs.org/short-id/-/short-id-0.1.0-1.tgz",
      "integrity": "sha1-pMDzU3//RiP/hJZIgrXUMBmiQJU=",
      "license": "MIT",
      "dependencies": {
        "merge-recursive": "0.0.3",
        "sechash": "~0.2.1"
      }
    },
    "node_modules/simple-assert": {
      "version": "1.0.0",
      "resolved": "https://registry.npmjs.org/simple-assert/-/simple-assert-1.0.0.tgz",
      "integrity": "sha1-U/F5AADXFEJBJCkHgLwqPlEc8O8=",
      "license": "MIT",
      "dependencies": {
        "assertion-error": "1.0.0"
      },
      "engines": {
        "node": "*"
      }
    }
  },
  "dependencies": {
    "assertion-error": {
      "version": "1.0.0",
      "resolved": "https://registry.npmjs.org/assertion-error/-/assertion-error-1.0.0.tgz",
      "integrity": "sha1-x/hUOP3UZrx8oWq5DIFRN5el0js="
    },
    "merge-recursive": {
      "version": "0.0.3",
      "resolved": "https://registry.npmjs.org/merge-recursive/-/merge-recursive-0.0.3.tgz",
      "integrity": "sha1-3nkB78rsyQbYyrKtHpxHD1o9roQ="
    },
    "oath": {
      "version": "1.0.0",
      "requires": {
        "simple-assert": "~1.0.0"
      }
    },
    "sechash": {
      "version": "0.2.1",
      "resolved": "https://registry.npmjs.org/sechash/-/sechash-0.2.1.tgz",
      "integrity": "sha1-i3H+R9aCcvR6NfFkDkzJITJbEzs=",
      "requires": {
        "oath": "latest"
      }
    },
    "short-id": {
      "version": "0.1.0-1",
      "resolved": "https://registry.npmjs.org/short-id/-/short-id-0.1.0-1.tgz",
      "integrity": "sha1-pMDzU3//RiP/hJZIgrXUMBmiQJU=",
      "requires": {
        "merge-recursive": "0.0.3",
        "sechash": "~0.2.1"
      }
    },
    "simple-assert": {
      "version": "1.0.0",
      "resolved": "https://registry.npmjs.org/simple-assert/-/simple-assert-1.0.0.tgz",
      "integrity": "sha1-U/F5AADXFEJBJCkHgLwqPlEc8O8=",
      "requires": {
        "assertion-error": "1.0.0"
      }
    }
  }
}
